
Microsoft Visual Studio Solution File, Format Version 12.00
# Visual Studio Version 16
VisualStudioVersion = 16.0.30309.148
MinimumVisualStudioVersion = 10.0.40219.1
Project("{FAE04EC0-301F-11D3-BF4B-00C04F79EFBC}") = "Sistema_Cursos", "Sistema_Cursos.csproj", "{3D7218D6-FF74-413E-A131-A5ACE619E72C}"
EndProject
Global
	GlobalSection(SolutionConfigurationPlatforms) = preSolution
		Debug|Any CPU = Debug|Any CPU
		Release|Any CPU = Release|Any CPU
	EndGlobalSection
	GlobalSection(ProjectConfigurationPlatforms) = postSolution
		{3D7218D6-FF74-413E-A131-A5ACE619E72C}.Debug|Any CPU.ActiveCfg = Debug|Any CPU
		{3D7218D6-FF74-413E-A131-A5ACE619E72C}.Debug|Any CPU.Build.0 = Debug|Any CPU
		{3D7218D6-FF74-413E-A131-A5ACE619E72C}.Release|Any CPU.ActiveCfg = Release|Any CPU
		{3D7218D6-FF74-413E-A131-A5ACE619E72C}.Release|Any CPU.Build.0 = Release|Any CPU
	EndGlobalSection
	GlobalSection(SolutionProperties) = preSolution
		HideSolutionNode = FALSE
	EndGlobalSection
	GlobalSection(ExtensibilityGlobals) = postSolution
		SolutionGuid = {CD6C5D19-7643-45BB-BC5B-48191A480854}
	EndGlobalSection
EndGlobal
